
Microsoft Visual Studio Solution File, Format Version 12.00
Project("{FAE04EC0-301F-11D3-BF4B-00C04F79EFBC}") = "CheckerModels", "CheckerModels\CheckerModels.csproj", "{1FF462A8-7CD0-4115-B204-CFE3822C2A12}"
EndProject
Project("{FAE04EC0-301F-11D3-BF4B-00C04F79EFBC}") = "CheckersDesktop", "CheckersDesktop\CheckersDesktop.csproj", "{6C76E340-1373-444F-B815-E75B1CA0C719}"
EndProject
Project("{FAE04EC0-301F-11D3-BF4B-00C04F79EFBC}") = "CheckersControls", "CheckersControls\CheckersControls.csproj", "{D58B57E3-EB13-48A5-BB6B-7E78E498D438}"
EndProject
Project("{FAE04EC0-301F-11D3-BF4B-00C04F79EFBC}") = "Mediator", "Mediator\Mediator.csproj", "{55B3962F-B97E-437E-9DFB-8B23BAC0D730}"
EndProject
Project("{FAE04EC0-301F-11D3-BF4B-00C04F79EFBC}") = "CheckerClient", "CheckerClient\CheckerClient.csproj", "{AE5289F7-5296-46ED-942A-50A99C469C8C}"
EndProject
Project("{2150E333-8FDC-42A3-9474-1A3956D46DE8}") = "Desktop", "Desktop", "{5A33B853-D91E-4924-AE50-26B9134079D6}"
EndProject
Project("{2150E333-8FDC-42A3-9474-1A3956D46DE8}") = "Server", "Server", "{8B46001F-9C40-47DC-8A1A-139AED4F44C7}"
EndProject
Project("{2150E333-8FDC-42A3-9474-1A3956D46DE8}") = "Database", "Database", "{C445C251-C3CE-4AB0-A604-0585E20BA28A}"
EndProject
Project("{2150E333-8FDC-42A3-9474-1A3956D46DE8}") = "General", "General", "{3DD6A02E-21A1-4B78-9277-C5B9FE67A2AB}"
EndProject
Project("{FAE04EC0-301F-11D3-BF4B-00C04F79EFBC}") = "GameDBServer", "GameDBServer\GameDBServer.csproj", "{6B2384AF-0AD4-42EB-B2F1-760ACD3FD8B9}"
EndProject
Project("{FAE04EC0-301F-11D3-BF4B-00C04F79EFBC}") = "GameService", "GameService\GameService.csproj", "{48416FAC-FA3B-4004-9DA6-449F0E476BA6}"
EndProject
Project("{FAE04EC0-301F-11D3-BF4B-00C04F79EFBC}") = "CheckersLogic", "CheckersLogic\CheckersLogic.csproj", "{8CF44A54-67F1-49CB-B333-29C404B4E3D5}"
EndProject
Project("{FAE04EC0-301F-11D3-BF4B-00C04F79EFBC}") = "UserDBServer", "UserDBServer\UserDBServer.csproj", "{96F17083-16E4-4BD7-B80D-C3572708EAFB}"
EndProject
Project("{FAE04EC0-301F-11D3-BF4B-00C04F79EFBC}") = "RabbitMQReceiver", "RabbitMQReceiver\RabbitMQReceiver.csproj", "{8AF779A6-3242-471F-A603-B755E2A7821B}"
EndProject
Project("{FAE04EC0-301F-11D3-BF4B-00C04F79EFBC}") = "RabbitMQSender", "RabbitMQSender\RabbitMQSender.csproj", "{49A1233D-1153-4BC6-8B61-CDBC923F42AB}"
EndProject
Project("{2150E333-8FDC-42A3-9474-1A3956D46DE8}") = "RabbitMQ", "RabbitMQ", "{14FD2053-9D33-4E0C-8E68-C8F641408905}"
EndProject
Project("{2150E333-8FDC-42A3-9474-1A3956D46DE8}") = "GameService", "GameService", "{F35DF450-731B-462F-8BB4-761C19925A77}"
EndProject
Project("{FAE04EC0-301F-11D3-BF4B-00C04F79EFBC}") = "GameStateHolder", "GameStateHolder\GameStateHolder.csproj", "{4BB226D8-0F68-40CC-A902-9ADEF074C2FE}"
EndProject
Project("{FAE04EC0-301F-11D3-BF4B-00C04F79EFBC}") = "GameDBViewer", "GameDBViewer\GameDBViewer.csproj", "{FDD983A0-CB96-4B35-85E4-EDBBCBB5C802}"
EndProject
Project("{FAE04EC0-301F-11D3-BF4B-00C04F79EFBC}") = "UserDBViewer", "UserDBViewer\UserDBViewer.csproj", "{C601B94A-7FDF-4042-8D0B-4859083D4BBB}"
EndProject
Project("{FAE04EC0-301F-11D3-BF4B-00C04F79EFBC}") = "GameDBClient", "GameDBClient\GameDBClient.csproj", "{8B3705A9-CBE9-41D5-8239-AD7AB65EDC4B}"
EndProject
Project("{FAE04EC0-301F-11D3-BF4B-00C04F79EFBC}") = "UserDBClient", "UserDBClient\UserDBClient.csproj", "{05581689-33AC-4B0B-8AFF-99D2D39AFE18}"
EndProject
Project("{2150E333-8FDC-42A3-9474-1A3956D46DE8}") = "GamesDB", "GamesDB", "{2610AD0E-D5C2-4E8C-84FA-A7E46D4CC9A7}"
EndProject
Project("{2150E333-8FDC-42A3-9474-1A3956D46DE8}") = "UsersDB", "UsersDB", "{E681AECA-2D8A-44FC-A8F5-B6F78F671CD7}"
EndProject
Global
	GlobalSection(SolutionConfigurationPlatforms) = preSolution
		Debug|Any CPU = Debug|Any CPU
		Release|Any CPU = Release|Any CPU
	EndGlobalSection
	GlobalSection(ProjectConfigurationPlatforms) = postSolution
		{1FF462A8-7CD0-4115-B204-CFE3822C2A12}.Debug|Any CPU.ActiveCfg = Debug|Any CPU
		{1FF462A8-7CD0-4115-B204-CFE3822C2A12}.Debug|Any CPU.Build.0 = Debug|Any CPU
		{1FF462A8-7CD0-4115-B204-CFE3822C2A12}.Release|Any CPU.ActiveCfg = Release|Any CPU
		{1FF462A8-7CD0-4115-B204-CFE3822C2A12}.Release|Any CPU.Build.0 = Release|Any CPU
		{6C76E340-1373-444F-B815-E75B1CA0C719}.Debug|Any CPU.ActiveCfg = Debug|Any CPU
		{6C76E340-1373-444F-B815-E75B1CA0C719}.Debug|Any CPU.Build.0 = Debug|Any CPU
		{6C76E340-1373-444F-B815-E75B1CA0C719}.Release|Any CPU.ActiveCfg = Release|Any CPU
		{6C76E340-1373-444F-B815-E75B1CA0C719}.Release|Any CPU.Build.0 = Release|Any CPU
		{D58B57E3-EB13-48A5-BB6B-7E78E498D438}.Debug|Any CPU.ActiveCfg = Debug|Any CPU
		{D58B57E3-EB13-48A5-BB6B-7E78E498D438}.Debug|Any CPU.Build.0 = Debug|Any CPU
		{D58B57E3-EB13-48A5-BB6B-7E78E498D438}.Release|Any CPU.ActiveCfg = Release|Any CPU
		{D58B57E3-EB13-48A5-BB6B-7E78E498D438}.Release|Any CPU.Build.0 = Release|Any CPU
		{55B3962F-B97E-437E-9DFB-8B23BAC0D730}.Debug|Any CPU.ActiveCfg = Debug|Any CPU
		{55B3962F-B97E-437E-9DFB-8B23BAC0D730}.Debug|Any CPU.Build.0 = Debug|Any CPU
		{55B3962F-B97E-437E-9DFB-8B23BAC0D730}.Release|Any CPU.ActiveCfg = Release|Any CPU
		{55B3962F-B97E-437E-9DFB-8B23BAC0D730}.Release|Any CPU.Build.0 = Release|Any CPU
		{AE5289F7-5296-46ED-942A-50A99C469C8C}.Debug|Any CPU.ActiveCfg = Debug|Any CPU
		{AE5289F7-5296-46ED-942A-50A99C469C8C}.Debug|Any CPU.Build.0 = Debug|Any CPU
		{AE5289F7-5296-46ED-942A-50A99C469C8C}.Release|Any CPU.ActiveCfg = Release|Any CPU
		{AE5289F7-5296-46ED-942A-50A99C469C8C}.Release|Any CPU.Build.0 = Release|Any CPU
		{6B2384AF-0AD4-42EB-B2F1-760ACD3FD8B9}.Debug|Any CPU.ActiveCfg = Debug|Any CPU
		{6B2384AF-0AD4-42EB-B2F1-760ACD3FD8B9}.Debug|Any CPU.Build.0 = Debug|Any CPU
		{6B2384AF-0AD4-42EB-B2F1-760ACD3FD8B9}.Release|Any CPU.ActiveCfg = Release|Any CPU
		{6B2384AF-0AD4-42EB-B2F1-760ACD3FD8B9}.Release|Any CPU.Build.0 = Release|Any CPU
		{48416FAC-FA3B-4004-9DA6-449F0E476BA6}.Debug|Any CPU.ActiveCfg = Debug|Any CPU
		{48416FAC-FA3B-4004-9DA6-449F0E476BA6}.Debug|Any CPU.Build.0 = Debug|Any CPU
		{48416FAC-FA3B-4004-9DA6-449F0E476BA6}.Release|Any CPU.ActiveCfg = Release|Any CPU
		{48416FAC-FA3B-4004-9DA6-449F0E476BA6}.Release|Any CPU.Build.0 = Release|Any CPU
		{8CF44A54-67F1-49CB-B333-29C404B4E3D5}.Debug|Any CPU.ActiveCfg = Debug|Any CPU
		{8CF44A54-67F1-49CB-B333-29C404B4E3D5}.Debug|Any CPU.Build.0 = Debug|Any CPU
		{8CF44A54-67F1-49CB-B333-29C404B4E3D5}.Release|Any CPU.ActiveCfg = Release|Any CPU
		{8CF44A54-67F1-49CB-B333-29C404B4E3D5}.Release|Any CPU.Build.0 = Release|Any CPU
		{96F17083-16E4-4BD7-B80D-C3572708EAFB}.Debug|Any CPU.ActiveCfg = Debug|Any CPU
		{96F17083-16E4-4BD7-B80D-C3572708EAFB}.Debug|Any CPU.Build.0 = Debug|Any CPU
		{96F17083-16E4-4BD7-B80D-C3572708EAFB}.Release|Any CPU.ActiveCfg = Release|Any CPU
		{96F17083-16E4-4BD7-B80D-C3572708EAFB}.Release|Any CPU.Build.0 = Release|Any CPU
		{8AF779A6-3242-471F-A603-B755E2A7821B}.Debug|Any CPU.ActiveCfg = Debug|Any CPU
		{8AF779A6-3242-471F-A603-B755E2A7821B}.Debug|Any CPU.Build.0 = Debug|Any CPU
		{8AF779A6-3242-471F-A603-B755E2A7821B}.Release|Any CPU.ActiveCfg = Release|Any CPU
		{8AF779A6-3242-471F-A603-B755E2A7821B}.Release|Any CPU.Build.0 = Release|Any CPU
		{49A1233D-1153-4BC6-8B61-CDBC923F42AB}.Debug|Any CPU.ActiveCfg = Debug|Any CPU
		{49A1233D-1153-4BC6-8B61-CDBC923F42AB}.Debug|Any CPU.Build.0 = Debug|Any CPU
		{49A1233D-1153-4BC6-8B61-CDBC923F42AB}.Release|Any CPU.ActiveCfg = Release|Any CPU
		{49A1233D-1153-4BC6-8B61-CDBC923F42AB}.Release|Any CPU.Build.0 = Release|Any CPU
		{4BB226D8-0F68-40CC-A902-9ADEF074C2FE}.Debug|Any CPU.ActiveCfg = Debug|Any CPU
		{4BB226D8-0F68-40CC-A902-9ADEF074C2FE}.Debug|Any CPU.Build.0 = Debug|Any CPU
		{4BB226D8-0F68-40CC-A902-9ADEF074C2FE}.Release|Any CPU.ActiveCfg = Release|Any CPU
		{4BB226D8-0F68-40CC-A902-9ADEF074C2FE}.Release|Any CPU.Build.0 = Release|Any CPU
		{FDD983A0-CB96-4B35-85E4-EDBBCBB5C802}.Debug|Any CPU.ActiveCfg = Debug|Any CPU
		{FDD983A0-CB96-4B35-85E4-EDBBCBB5C802}.Debug|Any CPU.Build.0 = Debug|Any CPU
		{FDD983A0-CB96-4B35-85E4-EDBBCBB5C802}.Release|Any CPU.ActiveCfg = Release|Any CPU
		{FDD983A0-CB96-4B35-85E4-EDBBCBB5C802}.Release|Any CPU.Build.0 = Release|Any CPU
		{C601B94A-7FDF-4042-8D0B-4859083D4BBB}.Debug|Any CPU.ActiveCfg = Debug|Any CPU
		{C601B94A-7FDF-4042-8D0B-4859083D4BBB}.Debug|Any CPU.Build.0 = Debug|Any CPU
		{C601B94A-7FDF-4042-8D0B-4859083D4BBB}.Release|Any CPU.ActiveCfg = Release|Any CPU
		{C601B94A-7FDF-4042-8D0B-4859083D4BBB}.Release|Any CPU.Build.0 = Release|Any CPU
		{8B3705A9-CBE9-41D5-8239-AD7AB65EDC4B}.Debug|Any CPU.ActiveCfg = Debug|Any CPU
		{8B3705A9-CBE9-41D5-8239-AD7AB65EDC4B}.Debug|Any CPU.Build.0 = Debug|Any CPU
		{8B3705A9-CBE9-41D5-8239-AD7AB65EDC4B}.Release|Any CPU.ActiveCfg = Release|Any CPU
		{8B3705A9-CBE9-41D5-8239-AD7AB65EDC4B}.Release|Any CPU.Build.0 = Release|Any CPU
		{05581689-33AC-4B0B-8AFF-99D2D39AFE18}.Debug|Any CPU.ActiveCfg = Debug|Any CPU
		{05581689-33AC-4B0B-8AFF-99D2D39AFE18}.Debug|Any CPU.Build.0 = Debug|Any CPU
		{05581689-33AC-4B0B-8AFF-99D2D39AFE18}.Release|Any CPU.ActiveCfg = Release|Any CPU
		{05581689-33AC-4B0B-8AFF-99D2D39AFE18}.Release|Any CPU.Build.0 = Release|Any CPU
	EndGlobalSection
	GlobalSection(NestedProjects) = preSolution
		{AE5289F7-5296-46ED-942A-50A99C469C8C} = {5A33B853-D91E-4924-AE50-26B9134079D6}
		{D58B57E3-EB13-48A5-BB6B-7E78E498D438} = {5A33B853-D91E-4924-AE50-26B9134079D6}
		{6C76E340-1373-444F-B815-E75B1CA0C719} = {5A33B853-D91E-4924-AE50-26B9134079D6}
		{55B3962F-B97E-437E-9DFB-8B23BAC0D730} = {8B46001F-9C40-47DC-8A1A-139AED4F44C7}
		{1FF462A8-7CD0-4115-B204-CFE3822C2A12} = {3DD6A02E-21A1-4B78-9277-C5B9FE67A2AB}
		{C445C251-C3CE-4AB0-A604-0585E20BA28A} = {8B46001F-9C40-47DC-8A1A-139AED4F44C7}
		{8CF44A54-67F1-49CB-B333-29C404B4E3D5} = {3DD6A02E-21A1-4B78-9277-C5B9FE67A2AB}
		{8AF779A6-3242-471F-A603-B755E2A7821B} = {14FD2053-9D33-4E0C-8E68-C8F641408905}
		{49A1233D-1153-4BC6-8B61-CDBC923F42AB} = {14FD2053-9D33-4E0C-8E68-C8F641408905}
		{14FD2053-9D33-4E0C-8E68-C8F641408905} = {8B46001F-9C40-47DC-8A1A-139AED4F44C7}
		{F35DF450-731B-462F-8BB4-761C19925A77} = {8B46001F-9C40-47DC-8A1A-139AED4F44C7}
		{48416FAC-FA3B-4004-9DA6-449F0E476BA6} = {F35DF450-731B-462F-8BB4-761C19925A77}
		{4BB226D8-0F68-40CC-A902-9ADEF074C2FE} = {F35DF450-731B-462F-8BB4-761C19925A77}
		{2610AD0E-D5C2-4E8C-84FA-A7E46D4CC9A7} = {C445C251-C3CE-4AB0-A604-0585E20BA28A}
		{E681AECA-2D8A-44FC-A8F5-B6F78F671CD7} = {C445C251-C3CE-4AB0-A604-0585E20BA28A}
		{8B3705A9-CBE9-41D5-8239-AD7AB65EDC4B} = {2610AD0E-D5C2-4E8C-84FA-A7E46D4CC9A7}
		{6B2384AF-0AD4-42EB-B2F1-760ACD3FD8B9} = {2610AD0E-D5C2-4E8C-84FA-A7E46D4CC9A7}
		{FDD983A0-CB96-4B35-85E4-EDBBCBB5C802} = {2610AD0E-D5C2-4E8C-84FA-A7E46D4CC9A7}
		{05581689-33AC-4B0B-8AFF-99D2D39AFE18} = {E681AECA-2D8A-44FC-A8F5-B6F78F671CD7}
		{96F17083-16E4-4BD7-B80D-C3572708EAFB} = {E681AECA-2D8A-44FC-A8F5-B6F78F671CD7}
		{C601B94A-7FDF-4042-8D0B-4859083D4BBB} = {E681AECA-2D8A-44FC-A8F5-B6F78F671CD7}
	EndGlobalSection
EndGlobal
